// !$*UTF8*$!
{
	archiveVersion = 1;
	classes = {
	};
	objectVersion = 46;
	objects = {

/* Begin PBXBuildFile section */
		5B0A123E1D4A3BFA00992DD5 /* AppDelegate.swift in Sources */ = {isa = PBXBuildFile; fileRef = 5B0A123D1D4A3BFA00992DD5 /* AppDelegate.swift */; };
		5B0A12401D4A3BFA00992DD5 /* DesktopViewController.swift in Sources */ = {isa = PBXBuildFile; fileRef = 5B0A123F1D4A3BFA00992DD5 /* DesktopViewController.swift */; };
		5B0A12421D4A3BFA00992DD5 /* Assets.xcassets in Resources */ = {isa = PBXBuildFile; fileRef = 5B0A12411D4A3BFA00992DD5 /* Assets.xcassets */; };
		5B0A12451D4A3BFA00992DD5 /* Main.storyboard in Resources */ = {isa = PBXBuildFile; fileRef = 5B0A12431D4A3BFA00992DD5 /* Main.storyboard */; };
		5B0A12501D4A3BFA00992DD5 /* PilotFishEmitterOSXTests.swift in Sources */ = {isa = PBXBuildFile; fileRef = 5B0A124F1D4A3BFA00992DD5 /* PilotFishEmitterOSXTests.swift */; };
		5B0A125B1D4A3BFA00992DD5 /* PilotFishEmitterOSXUITests.swift in Sources */ = {isa = PBXBuildFile; fileRef = 5B0A125A1D4A3BFA00992DD5 /* PilotFishEmitterOSXUITests.swift */; };
		5B0A12691D4A3EF400992DD5 /* Localizer.swift in Sources */ = {isa = PBXBuildFile; fileRef = 5B0A12681D4A3EF400992DD5 /* Localizer.swift */; };
		5B0A126A1D4A3EF400992DD5 /* Localizer.swift in Sources */ = {isa = PBXBuildFile; fileRef = 5B0A12681D4A3EF400992DD5 /* Localizer.swift */; };
		5B0B1B371D5113EA00876BC8 /* Packet.swift in Sources */ = {isa = PBXBuildFile; fileRef = 5B0B1B361D5113EA00876BC8 /* Packet.swift */; };
		5B0B1B381D5113EA00876BC8 /* Packet.swift in Sources */ = {isa = PBXBuildFile; fileRef = 5B0B1B361D5113EA00876BC8 /* Packet.swift */; };
		5B0B1B3B1D515D8900876BC8 /* Realm.framework in Frameworks */ = {isa = PBXBuildFile; fileRef = 5B0B1B391D515D8900876BC8 /* Realm.framework */; };
		5B0B1B3C1D515D8900876BC8 /* RealmSwift.framework in Frameworks */ = {isa = PBXBuildFile; fileRef = 5B0B1B3A1D515D8900876BC8 /* RealmSwift.framework */; };
		5B0B1B3E1D515E3900876BC8 /* Pool.swift in Sources */ = {isa = PBXBuildFile; fileRef = 5B0B1B3D1D515E3900876BC8 /* Pool.swift */; };
		5B0B1B3F1D515E3900876BC8 /* Pool.swift in Sources */ = {isa = PBXBuildFile; fileRef = 5B0B1B3D1D515E3900876BC8 /* Pool.swift */; };
		5BABC3431D4A6739006DCB35 /* Alamofire.framework in Frameworks */ = {isa = PBXBuildFile; fileRef = 5BABC3421D4A6739006DCB35 /* Alamofire.framework */; };
		5BBB4D211D32C4DC00BA26EA /* AppDelegate.swift in Sources */ = {isa = PBXBuildFile; fileRef = 5BBB4D201D32C4DC00BA26EA /* AppDelegate.swift */; };
		5BBB4D231D32C4DC00BA26EA /* MobileViewController.swift in Sources */ = {isa = PBXBuildFile; fileRef = 5BBB4D221D32C4DC00BA26EA /* MobileViewController.swift */; };
		5BBB4D261D32C4DC00BA26EA /* Main.storyboard in Resources */ = {isa = PBXBuildFile; fileRef = 5BBB4D241D32C4DC00BA26EA /* Main.storyboard */; };
		5BBB4D281D32C4DC00BA26EA /* Assets.xcassets in Resources */ = {isa = PBXBuildFile; fileRef = 5BBB4D271D32C4DC00BA26EA /* Assets.xcassets */; };
		5BBB4D2B1D32C4DC00BA26EA /* LaunchScreen.storyboard in Resources */ = {isa = PBXBuildFile; fileRef = 5BBB4D291D32C4DC00BA26EA /* LaunchScreen.storyboard */; };
		5BBB4D331D32C5D200BA26EA /* CoreLocation.framework in Frameworks */ = {isa = PBXBuildFile; fileRef = 5BBB4D321D32C5D200BA26EA /* CoreLocation.framework */; };
/* End PBXBuildFile section */

/* Begin PBXContainerItemProxy section */
		5B0A124C1D4A3BFA00992DD5 /* PBXContainerItemProxy */ = {
			isa = PBXContainerItemProxy;
			containerPortal = 5BBB4D151D32C4DC00BA26EA /* Project object */;
			proxyType = 1;
			remoteGlobalIDString = 5B0A123A1D4A3BFA00992DD5;
			remoteInfo = PilotFishEmitterOSX;
		};
		5B0A12571D4A3BFA00992DD5 /* PBXContainerItemProxy */ = {
			isa = PBXContainerItemProxy;
			containerPortal = 5BBB4D151D32C4DC00BA26EA /* Project object */;
			proxyType = 1;
			remoteGlobalIDString = 5B0A123A1D4A3BFA00992DD5;
			remoteInfo = PilotFishEmitterOSX;
		};
/* End PBXContainerItemProxy section */

/* Begin PBXFileReference section */
		5B0A123B1D4A3BFA00992DD5 /* PilotFishEmitterOSX.app */ = {isa = PBXFileReference; explicitFileType = wrapper.application; includeInIndex = 0; path = PilotFishEmitterOSX.app; sourceTree = BUILT_PRODUCTS_DIR; };
		5B0A123D1D4A3BFA00992DD5 /* AppDelegate.swift */ = {isa = PBXFileReference; lastKnownFileType = sourcecode.swift; path = AppDelegate.swift; sourceTree = "<group>"; };
		5B0A123F1D4A3BFA00992DD5 /* DesktopViewController.swift */ = {isa = PBXFileReference; lastKnownFileType = sourcecode.swift; path = DesktopViewController.swift; sourceTree = "<group>"; };
		5B0A12411D4A3BFA00992DD5 /* Assets.xcassets */ = {isa = PBXFileReference; lastKnownFileType = folder.assetcatalog; path = Assets.xcassets; sourceTree = "<group>"; };
		5B0A12441D4A3BFA00992DD5 /* Base */ = {isa = PBXFileReference; lastKnownFileType = file.storyboard; name = Base; path = Base.lproj/Main.storyboard; sourceTree = "<group>"; };
		5B0A12461D4A3BFA00992DD5 /* Info.plist */ = {isa = PBXFileReference; lastKnownFileType = text.plist.xml; path = Info.plist; sourceTree = "<group>"; };
		5B0A124B1D4A3BFA00992DD5 /* PilotFishEmitterOSXTests.xctest */ = {isa = PBXFileReference; explicitFileType = wrapper.cfbundle; includeInIndex = 0; path = PilotFishEmitterOSXTests.xctest; sourceTree = BUILT_PRODUCTS_DIR; };
		5B0A124F1D4A3BFA00992DD5 /* PilotFishEmitterOSXTests.swift */ = {isa = PBXFileReference; lastKnownFileType = sourcecode.swift; path = PilotFishEmitterOSXTests.swift; sourceTree = "<group>"; };
		5B0A12511D4A3BFA00992DD5 /* Info.plist */ = {isa = PBXFileReference; lastKnownFileType = text.plist.xml; path = Info.plist; sourceTree = "<group>"; };
		5B0A12561D4A3BFA00992DD5 /* PilotFishEmitterOSXUITests.xctest */ = {isa = PBXFileReference; explicitFileType = wrapper.cfbundle; includeInIndex = 0; path = PilotFishEmitterOSXUITests.xctest; sourceTree = BUILT_PRODUCTS_DIR; };
		5B0A125A1D4A3BFA00992DD5 /* PilotFishEmitterOSXUITests.swift */ = {isa = PBXFileReference; lastKnownFileType = sourcecode.swift; path = PilotFishEmitterOSXUITests.swift; sourceTree = "<group>"; };
		5B0A125C1D4A3BFA00992DD5 /* Info.plist */ = {isa = PBXFileReference; lastKnownFileType = text.plist.xml; path = Info.plist; sourceTree = "<group>"; };
		5B0A12681D4A3EF400992DD5 /* Localizer.swift */ = {isa = PBXFileReference; fileEncoding = 4; lastKnownFileType = sourcecode.swift; path = Localizer.swift; sourceTree = "<group>"; };
		5B0B1B361D5113EA00876BC8 /* Packet.swift */ = {isa = PBXFileReference; fileEncoding = 4; lastKnownFileType = sourcecode.swift; path = Packet.swift; sourceTree = "<group>"; };
		5B0B1B391D515D8900876BC8 /* Realm.framework */ = {isa = PBXFileReference; lastKnownFileType = wrapper.framework; name = Realm.framework; path = Carthage/Build/Mac/Realm.framework; sourceTree = "<group>"; };
		5B0B1B3A1D515D8900876BC8 /* RealmSwift.framework */ = {isa = PBXFileReference; lastKnownFileType = wrapper.framework; name = RealmSwift.framework; path = Carthage/Build/Mac/RealmSwift.framework; sourceTree = "<group>"; };
		5B0B1B3D1D515E3900876BC8 /* Pool.swift */ = {isa = PBXFileReference; fileEncoding = 4; lastKnownFileType = sourcecode.swift; path = Pool.swift; sourceTree = "<group>"; };
		5BABC3421D4A6739006DCB35 /* Alamofire.framework */ = {isa = PBXFileReference; lastKnownFileType = wrapper.framework; name = Alamofire.framework; path = Carthage/Build/Mac/Alamofire.framework; sourceTree = "<group>"; };
		5BBB4D1D1D32C4DC00BA26EA /* PilotFishEmitter.app */ = {isa = PBXFileReference; explicitFileType = wrapper.application; includeInIndex = 0; path = PilotFishEmitter.app; sourceTree = BUILT_PRODUCTS_DIR; };
		5BBB4D201D32C4DC00BA26EA /* AppDelegate.swift */ = {isa = PBXFileReference; lastKnownFileType = sourcecode.swift; path = AppDelegate.swift; sourceTree = "<group>"; };
		5BBB4D221D32C4DC00BA26EA /* MobileViewController.swift */ = {isa = PBXFileReference; lastKnownFileType = sourcecode.swift; path = MobileViewController.swift; sourceTree = "<group>"; };
		5BBB4D251D32C4DC00BA26EA /* Base */ = {isa = PBXFileReference; lastKnownFileType = file.storyboard; name = Base; path = Base.lproj/Main.storyboard; sourceTree = "<group>"; };
		5BBB4D271D32C4DC00BA26EA /* Assets.xcassets */ = {isa = PBXFileReference; lastKnownFileType = folder.assetcatalog; path = Assets.xcassets; sourceTree = "<group>"; };
		5BBB4D2A1D32C4DC00BA26EA /* Base */ = {isa = PBXFileReference; lastKnownFileType = file.storyboard; name = Base; path = Base.lproj/LaunchScreen.storyboard; sourceTree = "<group>"; };
		5BBB4D2C1D32C4DC00BA26EA /* Info.plist */ = {isa = PBXFileReference; lastKnownFileType = text.plist.xml; path = Info.plist; sourceTree = "<group>"; };
		5BBB4D321D32C5D200BA26EA /* CoreLocation.framework */ = {isa = PBXFileReference; lastKnownFileType = wrapper.framework; name = CoreLocation.framework; path = System/Library/Frameworks/CoreLocation.framework; sourceTree = SDKROOT; };
/* End PBXFileReference section */

/* Begin PBXFrameworksBuildPhase section */
		5B0A12381D4A3BFA00992DD5 /* Frameworks */ = {
			isa = PBXFrameworksBuildPhase;
			buildActionMask = 2147483647;
			files = (
				5BABC3431D4A6739006DCB35 /* Alamofire.framework in Frameworks */,
			);
			runOnlyForDeploymentPostprocessing = 0;
		};
		5B0A12481D4A3BFA00992DD5 /* Frameworks */ = {
			isa = PBXFrameworksBuildPhase;
			buildActionMask = 2147483647;
			files = (
			);
			runOnlyForDeploymentPostprocessing = 0;
		};
		5B0A12531D4A3BFA00992DD5 /* Frameworks */ = {
			isa = PBXFrameworksBuildPhase;
			buildActionMask = 2147483647;
			files = (
			);
			runOnlyForDeploymentPostprocessing = 0;
		};
		5BBB4D1A1D32C4DC00BA26EA /* Frameworks */ = {
			isa = PBXFrameworksBuildPhase;
			buildActionMask = 2147483647;
			files = (
				5BBB4D331D32C5D200BA26EA /* CoreLocation.framework in Frameworks */,
				5B0B1B3B1D515D8900876BC8 /* Realm.framework in Frameworks */,
				5B0B1B3C1D515D8900876BC8 /* RealmSwift.framework in Frameworks */,
			);
			runOnlyForDeploymentPostprocessing = 0;
		};
/* End PBXFrameworksBuildPhase section */

/* Begin PBXGroup section */
		5B0A123C1D4A3BFA00992DD5 /* PilotFishEmitterOSX */ = {
			isa = PBXGroup;
			children = (
				5B0A123D1D4A3BFA00992DD5 /* AppDelegate.swift */,
				5B0A123F1D4A3BFA00992DD5 /* DesktopViewController.swift */,
				5B0A12411D4A3BFA00992DD5 /* Assets.xcassets */,
				5B0A12431D4A3BFA00992DD5 /* Main.storyboard */,
				5B0A12461D4A3BFA00992DD5 /* Info.plist */,
			);
			path = PilotFishEmitterOSX;
			sourceTree = "<group>";
		};
		5B0A124E1D4A3BFA00992DD5 /* PilotFishEmitterOSXTests */ = {
			isa = PBXGroup;
			children = (
				5B0A124F1D4A3BFA00992DD5 /* PilotFishEmitterOSXTests.swift */,
				5B0A12511D4A3BFA00992DD5 /* Info.plist */,
			);
			path = PilotFishEmitterOSXTests;
			sourceTree = "<group>";
		};
		5B0A12591D4A3BFA00992DD5 /* PilotFishEmitterOSXUITests */ = {
			isa = PBXGroup;
			children = (
				5B0A125A1D4A3BFA00992DD5 /* PilotFishEmitterOSXUITests.swift */,
				5B0A125C1D4A3BFA00992DD5 /* Info.plist */,
			);
			path = PilotFishEmitterOSXUITests;
			sourceTree = "<group>";
		};
		5B0A12661D4A3EA700992DD5 /* Shared */ = {
			isa = PBXGroup;
			children = (
				5B0A12681D4A3EF400992DD5 /* Localizer.swift */,
				5B0B1B361D5113EA00876BC8 /* Packet.swift */,
				5B0B1B3D1D515E3900876BC8 /* Pool.swift */,
			);
			path = Shared;
			sourceTree = "<group>";
		};
		5B0A12671D4A3EB300992DD5 /* Frameworks */ = {
			isa = PBXGroup;
			children = (
				5B0B1B391D515D8900876BC8 /* Realm.framework */,
				5B0B1B3A1D515D8900876BC8 /* RealmSwift.framework */,
				5BABC3421D4A6739006DCB35 /* Alamofire.framework */,
				5BBB4D321D32C5D200BA26EA /* CoreLocation.framework */,
			);
			name = Frameworks;
			sourceTree = "<group>";
		};
		5BBB4D141D32C4DC00BA26EA = {
			isa = PBXGroup;
			children = (
				5BBB4D1F1D32C4DC00BA26EA /* PilotFishEmitter */,
				5B0A123C1D4A3BFA00992DD5 /* PilotFishEmitterOSX */,
				5B0A124E1D4A3BFA00992DD5 /* PilotFishEmitterOSXTests */,
				5B0A12591D4A3BFA00992DD5 /* PilotFishEmitterOSXUITests */,
				5B0A12661D4A3EA700992DD5 /* Shared */,
				5B0A12671D4A3EB300992DD5 /* Frameworks */,
				5BBB4D1E1D32C4DC00BA26EA /* Products */,
			);
			sourceTree = "<group>";
		};
		5BBB4D1E1D32C4DC00BA26EA /* Products */ = {
			isa = PBXGroup;
			children = (
				5BBB4D1D1D32C4DC00BA26EA /* PilotFishEmitter.app */,
				5B0A123B1D4A3BFA00992DD5 /* PilotFishEmitterOSX.app */,
				5B0A124B1D4A3BFA00992DD5 /* PilotFishEmitterOSXTests.xctest */,
				5B0A12561D4A3BFA00992DD5 /* PilotFishEmitterOSXUITests.xctest */,
			);
			name = Products;
			sourceTree = "<group>";
		};
		5BBB4D1F1D32C4DC00BA26EA /* PilotFishEmitter */ = {
			isa = PBXGroup;
			children = (
				5BBB4D201D32C4DC00BA26EA /* AppDelegate.swift */,
				5BBB4D221D32C4DC00BA26EA /* MobileViewController.swift */,
				5BBB4D241D32C4DC00BA26EA /* Main.storyboard */,
				5BBB4D271D32C4DC00BA26EA /* Assets.xcassets */,
				5BBB4D291D32C4DC00BA26EA /* LaunchScreen.storyboard */,
				5BBB4D2C1D32C4DC00BA26EA /* Info.plist */,
			);
			path = PilotFishEmitter;
			sourceTree = "<group>";
		};
/* End PBXGroup section */

/* Begin PBXNativeTarget section */
		5B0A123A1D4A3BFA00992DD5 /* PilotFishEmitterOSX */ = {
			isa = PBXNativeTarget;
			buildConfigurationList = 5B0A125D1D4A3BFA00992DD5 /* Build configuration list for PBXNativeTarget "PilotFishEmitterOSX" */;
			buildPhases = (
				5B0A12371D4A3BFA00992DD5 /* Sources */,
				5B0A12381D4A3BFA00992DD5 /* Frameworks */,
				5B0A12391D4A3BFA00992DD5 /* Resources */,
			);
			buildRules = (
			);
			dependencies = (
			);
			name = PilotFishEmitterOSX;
			productName = PilotFishEmitterOSX;
			productReference = 5B0A123B1D4A3BFA00992DD5 /* PilotFishEmitterOSX.app */;
			productType = "com.apple.product-type.application";
		};
		5B0A124A1D4A3BFA00992DD5 /* PilotFishEmitterOSXTests */ = {
			isa = PBXNativeTarget;
			buildConfigurationList = 5B0A12601D4A3BFA00992DD5 /* Build configuration list for PBXNativeTarget "PilotFishEmitterOSXTests" */;
			buildPhases = (
				5B0A12471D4A3BFA00992DD5 /* Sources */,
				5B0A12481D4A3BFA00992DD5 /* Frameworks */,
				5B0A12491D4A3BFA00992DD5 /* Resources */,
			);
			buildRules = (
			);
			dependencies = (
				5B0A124D1D4A3BFA00992DD5 /* PBXTargetDependency */,
			);
			name = PilotFishEmitterOSXTests;
			productName = PilotFishEmitterOSXTests;
			productReference = 5B0A124B1D4A3BFA00992DD5 /* PilotFishEmitterOSXTests.xctest */;
			productType = "com.apple.product-type.bundle.unit-test";
		};
		5B0A12551D4A3BFA00992DD5 /* PilotFishEmitterOSXUITests */ = {
			isa = PBXNativeTarget;
			buildConfigurationList = 5B0A12631D4A3BFA00992DD5 /* Build configuration list for PBXNativeTarget "PilotFishEmitterOSXUITests" */;
			buildPhases = (
				5B0A12521D4A3BFA00992DD5 /* Sources */,
				5B0A12531D4A3BFA00992DD5 /* Frameworks */,
				5B0A12541D4A3BFA00992DD5 /* Resources */,
			);
			buildRules = (
			);
			dependencies = (
				5B0A12581D4A3BFA00992DD5 /* PBXTargetDependency */,
			);
			name = PilotFishEmitterOSXUITests;
			productName = PilotFishEmitterOSXUITests;
			productReference = 5B0A12561D4A3BFA00992DD5 /* PilotFishEmitterOSXUITests.xctest */;
			productType = "com.apple.product-type.bundle.ui-testing";
		};
		5BBB4D1C1D32C4DC00BA26EA /* PilotFishEmitter */ = {
			isa = PBXNativeTarget;
			buildConfigurationList = 5BBB4D2F1D32C4DC00BA26EA /* Build configuration list for PBXNativeTarget "PilotFishEmitter" */;
			buildPhases = (
				5BBB4D191D32C4DC00BA26EA /* Sources */,
				5BBB4D1A1D32C4DC00BA26EA /* Frameworks */,
				5BBB4D1B1D32C4DC00BA26EA /* Resources */,
			);
			buildRules = (
			);
			dependencies = (
			);
			name = PilotFishEmitter;
			productName = PilotFishEmitter;
			productReference = 5BBB4D1D1D32C4DC00BA26EA /* PilotFishEmitter.app */;
			productType = "com.apple.product-type.application";
		};
/* End PBXNativeTarget section */

/* Begin PBXProject section */
		5BBB4D151D32C4DC00BA26EA /* Project object */ = {
			isa = PBXProject;
			attributes = {
				LastSwiftUpdateCheck = 0730;
				LastUpgradeCheck = 0730;
				ORGANIZATIONNAME = Phonations;
				TargetAttributes = {
					5B0A123A1D4A3BFA00992DD5 = {
						CreatedOnToolsVersion = 7.3.1;
					};
					5B0A124A1D4A3BFA00992DD5 = {
						CreatedOnToolsVersion = 7.3.1;
						TestTargetID = 5B0A123A1D4A3BFA00992DD5;
					};
					5B0A12551D4A3BFA00992DD5 = {
						CreatedOnToolsVersion = 7.3.1;
						TestTargetID = 5B0A123A1D4A3BFA00992DD5;
					};
					5BBB4D1C1D32C4DC00BA26EA = {
						CreatedOnToolsVersion = 7.3.1;
						SystemCapabilities = {
							com.apple.Maps.iOS = {
								enabled = 0;
							};
						};
					};
				};
			};
			buildConfigurationList = 5BBB4D181D32C4DC00BA26EA /* Build configuration list for PBXProject "PilotFishEmitter" */;
			compatibilityVersion = "Xcode 3.2";
			developmentRegion = English;
			hasScannedForEncodings = 0;
			knownRegions = (
				en,
				Base,
			);
			mainGroup = 5BBB4D141D32C4DC00BA26EA;
			productRefGroup = 5BBB4D1E1D32C4DC00BA26EA /* Products */;
			projectDirPath = "";
			projectRoot = "";
			targets = (
				5BBB4D1C1D32C4DC00BA26EA /* PilotFishEmitter */,
				5B0A123A1D4A3BFA00992DD5 /* PilotFishEmitterOSX */,
				5B0A124A1D4A3BFA00992DD5 /* PilotFishEmitterOSXTests */,
				5B0A12551D4A3BFA00992DD5 /* PilotFishEmitterOSXUITests */,
			);
		};
/* End PBXProject section */

/* Begin PBXResourcesBuildPhase section */
		5B0A12391D4A3BFA00992DD5 /* Resources */ = {
			isa = PBXResourcesBuildPhase;
			buildActionMask = 2147483647;
			files = (
				5B0A12421D4A3BFA00992DD5 /* Assets.xcassets in Resources */,
				5B0A12451D4A3BFA00992DD5 /* Main.storyboard in Resources */,
			);
			runOnlyForDeploymentPostprocessing = 0;
		};
		5B0A12491D4A3BFA00992DD5 /* Resources */ = {
			isa = PBXResourcesBuildPhase;
			buildActionMask = 2147483647;
			files = (
			);
			runOnlyForDeploymentPostprocessing = 0;
		};
		5B0A12541D4A3BFA00992DD5 /* Resources */ = {
			isa = PBXResourcesBuildPhase;
			buildActionMask = 2147483647;
			files = (
			);
			runOnlyForDeploymentPostprocessing = 0;
		};
		5BBB4D1B1D32C4DC00BA26EA /* Resources */ = {
			isa = PBXResourcesBuildPhase;
			buildActionMask = 2147483647;
			files = (
				5BBB4D2B1D32C4DC00BA26EA /* LaunchScreen.storyboard in Resources */,
				5BBB4D281D32C4DC00BA26EA /* Assets.xcassets in Resources */,
				5BBB4D261D32C4DC00BA26EA /* Main.storyboard in Resources */,
			);
			runOnlyForDeploymentPostprocessing = 0;
		};
/* End PBXResourcesBuildPhase section */

/* Begin PBXSourcesBuildPhase section */
		5B0A12371D4A3BFA00992DD5 /* Sources */ = {
			isa = PBXSourcesBuildPhase;
			buildActionMask = 2147483647;
			files = (
				5B0A126A1D4A3EF400992DD5 /* Localizer.swift in Sources */,
				5B0A12401D4A3BFA00992DD5 /* DesktopViewController.swift in Sources */,
				5B0A123E1D4A3BFA00992DD5 /* AppDelegate.swift in Sources */,
				5B0B1B381D5113EA00876BC8 /* Packet.swift in Sources */,
				5B0B1B3F1D515E3900876BC8 /* Pool.swift in Sources */,
			);
			runOnlyForDeploymentPostprocessing = 0;
		};
		5B0A12471D4A3BFA00992DD5 /* Sources */ = {
			isa = PBXSourcesBuildPhase;
			buildActionMask = 2147483647;
			files = (
				5B0A12501D4A3BFA00992DD5 /* PilotFishEmitterOSXTests.swift in Sources */,
			);
			runOnlyForDeploymentPostprocessing = 0;
		};
		5B0A12521D4A3BFA00992DD5 /* Sources */ = {
			isa = PBXSourcesBuildPhase;
			buildActionMask = 2147483647;
			files = (
				5B0A125B1D4A3BFA00992DD5 /* PilotFishEmitterOSXUITests.swift in Sources */,
			);
			runOnlyForDeploymentPostprocessing = 0;
		};
		5BBB4D191D32C4DC00BA26EA /* Sources */ = {
			isa = PBXSourcesBuildPhase;
			buildActionMask = 2147483647;
			files = (
				5B0A12691D4A3EF400992DD5 /* Localizer.swift in Sources */,
				5BBB4D231D32C4DC00BA26EA /* MobileViewController.swift in Sources */,
				5BBB4D211D32C4DC00BA26EA /* AppDelegate.swift in Sources */,
				5B0B1B371D5113EA00876BC8 /* Packet.swift in Sources */,
				5B0B1B3E1D515E3900876BC8 /* Pool.swift in Sources */,
			);
			runOnlyForDeploymentPostprocessing = 0;
		};
/* End PBXSourcesBuildPhase section */

/* Begin PBXTargetDependency section */
		5B0A124D1D4A3BFA00992DD5 /* PBXTargetDependency */ = {
			isa = PBXTargetDependency;
			target = 5B0A123A1D4A3BFA00992DD5 /* PilotFishEmitterOSX */;
			targetProxy = 5B0A124C1D4A3BFA00992DD5 /* PBXContainerItemProxy */;
		};
		5B0A12581D4A3BFA00992DD5 /* PBXTargetDependency */ = {
			isa = PBXTargetDependency;
			target = 5B0A123A1D4A3BFA00992DD5 /* PilotFishEmitterOSX */;
			targetProxy = 5B0A12571D4A3BFA00992DD5 /* PBXContainerItemProxy */;
		};
/* End PBXTargetDependency section */

/* Begin PBXVariantGroup section */
		5B0A12431D4A3BFA00992DD5 /* Main.storyboard */ = {
			isa = PBXVariantGroup;
			children = (
				5B0A12441D4A3BFA00992DD5 /* Base */,
			);
			name = Main.storyboard;
			sourceTree = "<group>";
		};
		5BBB4D241D32C4DC00BA26EA /* Main.storyboard */ = {
			isa = PBXVariantGroup;
			children = (
				5BBB4D251D32C4DC00BA26EA /* Base */,
			);
			name = Main.storyboard;
			sourceTree = "<group>";
		};
		5BBB4D291D32C4DC00BA26EA /* LaunchScreen.storyboard */ = {
			isa = PBXVariantGroup;
			children = (
				5BBB4D2A1D32C4DC00BA26EA /* Base */,
			);
			name = LaunchScreen.storyboard;
			sourceTree = "<group>";
		};
/* End PBXVariantGroup section */

/* Begin XCBuildConfiguration section */
		5B0A125E1D4A3BFA00992DD5 /* Debug */ = {
			isa = XCBuildConfiguration;
			buildSettings = {
				ASSETCATALOG_COMPILER_APPICON_NAME = AppIcon;
				CODE_SIGN_IDENTITY = "-";
				COMBINE_HIDPI_IMAGES = YES;
				FRAMEWORK_SEARCH_PATHS = (
					"$(inherited)",
					"$(PROJECT_DIR)/Carthage/Build/Mac",
				);
				INFOPLIST_FILE = PilotFishEmitterOSX/Info.plist;
				LD_RUNPATH_SEARCH_PATHS = "$(inherited) @executable_path/../Frameworks @loader_path/Frameworks $(PROJECT_DIR)/Carthage/Build/Mac";
				MACOSX_DEPLOYMENT_TARGET = 10.11;
				PRODUCT_BUNDLE_IDENTIFIER = com.phonations.PilotFishEmitterOSX;
				PRODUCT_NAME = "$(TARGET_NAME)";
				SDKROOT = macosx;
			};
			name = Debug;
		};
		5B0A125F1D4A3BFA00992DD5 /* Release */ = {
			isa = XCBuildConfiguration;
			buildSettings = {
				ASSETCATALOG_COMPILER_APPICON_NAME = AppIcon;
				CODE_SIGN_IDENTITY = "-";
				COMBINE_HIDPI_IMAGES = YES;
				FRAMEWORK_SEARCH_PATHS = (
					"$(inherited)",
					"$(PROJECT_DIR)/Carthage/Build/Mac",
				);
				INFOPLIST_FILE = PilotFishEmitterOSX/Info.plist;
				LD_RUNPATH_SEARCH_PATHS = "$(inherited) @executable_path/../Frameworks @loader_path/Frameworks $(PROJECT_DIR)/Carthage/Build/Mac";
				MACOSX_DEPLOYMENT_TARGET = 10.11;
				PRODUCT_BUNDLE_IDENTIFIER = com.phonations.PilotFishEmitterOSX;
				PRODUCT_NAME = "$(TARGET_NAME)";
				SDKROOT = macosx;
			};
			name = Release;
		};
		5B0A12611D4A3BFA00992DD5 /* Debug */ = {
			isa = XCBuildConfiguration;
			buildSettings = {
				BUNDLE_LOADER = "$(TEST_HOST)";
				CODE_SIGN_IDENTITY = "-";
				COMBINE_HIDPI_IMAGES = YES;
				INFOPLIST_FILE = PilotFishEmitterOSXTests/Info.plist;
				LD_RUNPATH_SEARCH_PATHS = "$(inherited) @executable_path/../Frameworks @loader_path/../Frameworks";
				MACOSX_DEPLOYMENT_TARGET = 10.11;
				PRODUCT_BUNDLE_IDENTIFIER = com.phonations.PilotFishEmitterOSXTests;
				PRODUCT_NAME = "$(TARGET_NAME)";
				SDKROOT = macosx;
				TEST_HOST = "$(BUILT_PRODUCTS_DIR)/PilotFishEmitterOSX.app/Contents/MacOS/PilotFishEmitterOSX";
			};
			name = Debug;
		};
		5B0A12621D4A3BFA00992DD5 /* Release */ = {
			isa = XCBuildConfiguration;
			buildSettings = {
				BUNDLE_LOADER = "$(TEST_HOST)";
				CODE_SIGN_IDENTITY = "-";
				COMBINE_HIDPI_IMAGES = YES;
				INFOPLIST_FILE = PilotFishEmitterOSXTests/Info.plist;
				LD_RUNPATH_SEARCH_PATHS = "$(inherited) @executable_path/../Frameworks @loader_path/../Frameworks";
				MACOSX_DEPLOYMENT_TARGET = 10.11;
				PRODUCT_BUNDLE_IDENTIFIER = com.phonations.PilotFishEmitterOSXTests;
				PRODUCT_NAME = "$(TARGET_NAME)";
				SDKROOT = macosx;
				TEST_HOST = "$(BUILT_PRODUCTS_DIR)/PilotFishEmitterOSX.app/Contents/MacOS/PilotFishEmitterOSX";
			};
			name = Release;
		};
		5B0A12641D4A3BFA00992DD5 /* Debug */ = {
			isa = XCBuildConfiguration;
			buildSettings = {
				CODE_SIGN_IDENTITY = "-";
				COMBINE_HIDPI_IMAGES = YES;
				INFOPLIST_FILE = PilotFishEmitterOSXUITests/Info.plist;
				LD_RUNPATH_SEARCH_PATHS = "$(inherited) @executable_path/../Frameworks @loader_path/../Frameworks";
				MACOSX_DEPLOYMENT_TARGET = 10.11;
				PRODUCT_BUNDLE_IDENTIFIER = com.phonations.PilotFishEmitterOSXUITests;
				PRODUCT_NAME = "$(TARGET_NAME)";
				SDKROOT = macosx;
				TEST_TARGET_NAME = PilotFishEmitterOSX;
			};
			name = Debug;
		};
		5B0A12651D4A3BFA00992DD5 /* Release */ = {
			isa = XCBuildConfiguration;
			buildSettings = {
				CODE_SIGN_IDENTITY = "-";
				COMBINE_HIDPI_IMAGES = YES;
				INFOPLIST_FILE = PilotFishEmitterOSXUITests/Info.plist;
				LD_RUNPATH_SEARCH_PATHS = "$(inherited) @executable_path/../Frameworks @loader_path/../Frameworks";
				MACOSX_DEPLOYMENT_TARGET = 10.11;
				PRODUCT_BUNDLE_IDENTIFIER = com.phonations.PilotFishEmitterOSXUITests;
				PRODUCT_NAME = "$(TARGET_NAME)";
				SDKROOT = macosx;
				TEST_TARGET_NAME = PilotFishEmitterOSX;
			};
			name = Release;
		};
		5BBB4D2D1D32C4DC00BA26EA /* Debug */ = {
			isa = XCBuildConfiguration;
			buildSettings = {
				ALWAYS_SEARCH_USER_PATHS = NO;
				CLANG_ANALYZER_NONNULL = YES;
				CLANG_CXX_LANGUAGE_STANDARD = "gnu++0x";
				CLANG_CXX_LIBRARY = "libc++";
				CLANG_ENABLE_MODULES = YES;
				CLANG_ENABLE_OBJC_ARC = YES;
				CLANG_WARN_BOOL_CONVERSION = YES;
				CLANG_WARN_CONSTANT_CONVERSION = YES;
				CLANG_WARN_DIRECT_OBJC_ISA_USAGE = YES_ERROR;
				CLANG_WARN_EMPTY_BODY = YES;
				CLANG_WARN_ENUM_CONVERSION = YES;
				CLANG_WARN_INT_CONVERSION = YES;
				CLANG_WARN_OBJC_ROOT_CLASS = YES_ERROR;
				CLANG_WARN_UNREACHABLE_CODE = YES;
				CLANG_WARN__DUPLICATE_METHOD_MATCH = YES;
				"CODE_SIGN_IDENTITY[sdk=iphoneos*]" = "iPhone Developer";
				COPY_PHASE_STRIP = NO;
				DEBUG_INFORMATION_FORMAT = dwarf;
				ENABLE_STRICT_OBJC_MSGSEND = YES;
				ENABLE_TESTABILITY = YES;
				GCC_C_LANGUAGE_STANDARD = gnu99;
				GCC_DYNAMIC_NO_PIC = NO;
				GCC_NO_COMMON_BLOCKS = YES;
				GCC_OPTIMIZATION_LEVEL = 0;
				GCC_PREPROCESSOR_DEFINITIONS = (
					"DEBUG=1",
					"$(inherited)",
				);
				GCC_WARN_64_TO_32_BIT_CONVERSION = YES;
				GCC_WARN_ABOUT_RETURN_TYPE = YES_ERROR;
				GCC_WARN_UNDECLARED_SELECTOR = YES;
				GCC_WARN_UNINITIALIZED_AUTOS = YES_AGGRESSIVE;
				GCC_WARN_UNUSED_FUNCTION = YES;
				GCC_WARN_UNUSED_VARIABLE = YES;
				IPHONEOS_DEPLOYMENT_TARGET = 9.3;
				MTL_ENABLE_DEBUG_INFO = YES;
				ONLY_ACTIVE_ARCH = YES;
				SDKROOT = iphoneos;
				SWIFT_OPTIMIZATION_LEVEL = "-Onone";
				TARGETED_DEVICE_FAMILY = "1,2";
			};
			name = Debug;
		};
		5BBB4D2E1D32C4DC00BA26EA /* Release */ = {
			isa = XCBuildConfiguration;
			buildSettings = {
				ALWAYS_SEARCH_USER_PATHS = NO;
				CLANG_ANALYZER_NONNULL = YES;
				CLANG_CXX_LANGUAGE_STANDARD = "gnu++0x";
				CLANG_CXX_LIBRARY = "libc++";
				CLANG_ENABLE_MODULES = YES;
				CLANG_ENABLE_OBJC_ARC = YES;
				CLANG_WARN_BOOL_CONVERSION = YES;
				CLANG_WARN_CONSTANT_CONVERSION = YES;
				CLANG_WARN_DIRECT_OBJC_ISA_USAGE = YES_ERROR;
				CLANG_WARN_EMPTY_BODY = YES;
				CLANG_WARN_ENUM_CONVERSION = YES;
				CLANG_WARN_INT_CONVERSION = YES;
				CLANG_WARN_OBJC_ROOT_CLASS = YES_ERROR;
				CLANG_WARN_UNREACHABLE_CODE = YES;
				CLANG_WARN__DUPLICATE_METHOD_MATCH = YES;
				"CODE_SIGN_IDENTITY[sdk=iphoneos*]" = "iPhone Developer";
				COPY_PHASE_STRIP = NO;
				DEBUG_INFORMATION_FORMAT = "dwarf-with-dsym";
				ENABLE_NS_ASSERTIONS = NO;
				ENABLE_STRICT_OBJC_MSGSEND = YES;
				GCC_C_LANGUAGE_STANDARD = gnu99;
				GCC_NO_COMMON_BLOCKS = YES;
				GCC_WARN_64_TO_32_BIT_CONVERSION = YES;
				GCC_WARN_ABOUT_RETURN_TYPE = YES_ERROR;
				GCC_WARN_UNDECLARED_SELECTOR = YES;
				GCC_WARN_UNINITIALIZED_AUTOS = YES_AGGRESSIVE;
				GCC_WARN_UNUSED_FUNCTION = YES;
				GCC_WARN_UNUSED_VARIABLE = YES;
				IPHONEOS_DEPLOYMENT_TARGET = 9.3;
				MTL_ENABLE_DEBUG_INFO = NO;
				SDKROOT = iphoneos;
				TARGETED_DEVICE_FAMILY = "1,2";
				VALIDATE_PRODUCT = YES;
			};
			name = Release;
		};
		5BBB4D301D32C4DC00BA26EA /* Debug */ = {
			isa = XCBuildConfiguration;
			buildSettings = {
				ASSETCATALOG_COMPILER_APPICON_NAME = AppIcon;
				FRAMEWORK_SEARCH_PATHS = (
					"$(inherited)",
					"$(PROJECT_DIR)/Carthage/Build/Mac",
				);
				INFOPLIST_FILE = PilotFishEmitter/Info.plist;
				LD_RUNPATH_SEARCH_PATHS = "$(inherited) @executable_path/Frameworks";
				PRODUCT_BUNDLE_IDENTIFIER = com.phonations.PilotFishEmitter;
				PRODUCT_NAME = "$(TARGET_NAME)";
			};
			name = Debug;
		};
		5BBB4D311D32C4DC00BA26EA /* Release */ = {
			isa = XCBuildConfiguration;
			buildSettings = {
				ASSETCATALOG_COMPILER_APPICON_NAME = AppIcon;
				FRAMEWORK_SEARCH_PATHS = (
					"$(inherited)",
					"$(PROJECT_DIR)/Carthage/Build/Mac",
				);
				INFOPLIST_FILE = PilotFishEmitter/Info.plist;
				LD_RUNPATH_SEARCH_PATHS = "$(inherited) @executable_path/Frameworks";
				PRODUCT_BUNDLE_IDENTIFIER = com.phonations.PilotFishEmitter;
				PRODUCT_NAME = "$(TARGET_NAME)";
			};
			name = Release;
		};
/* End XCBuildConfiguration section */

/* Begin XCConfigurationList section */
		5B0A125D1D4A3BFA00992DD5 /* Build configuration list for PBXNativeTarget "PilotFishEmitterOSX" */ = {
			isa = XCConfigurationList;
			buildConfigurations = (
				5B0A125E1D4A3BFA00992DD5 /* Debug */,
				5B0A125F1D4A3BFA00992DD5 /* Release */,
			);
			defaultConfigurationIsVisible = 0;
			defaultConfigurationName = Release;
		};
		5B0A12601D4A3BFA00992DD5 /* Build configuration list for PBXNativeTarget "PilotFishEmitterOSXTests" */ = {
			isa = XCConfigurationList;
			buildConfigurations = (
				5B0A12611D4A3BFA00992DD5 /* Debug */,
				5B0A12621D4A3BFA00992DD5 /* Release */,
			);
			defaultConfigurationIsVisible = 0;
			defaultConfigurationName = Release;
		};
		5B0A12631D4A3BFA00992DD5 /* Build configuration list for PBXNativeTarget "PilotFishEmitterOSXUITests" */ = {
			isa = XCConfigurationList;
			buildConfigurations = (
				5B0A12641D4A3BFA00992DD5 /* Debug */,
				5B0A12651D4A3BFA00992DD5 /* Release */,
			);
			defaultConfigurationIsVisible = 0;
			defaultConfigurationName = Release;
		};
		5BBB4D181D32C4DC00BA26EA /* Build configuration list for PBXProject "PilotFishEmitter" */ = {
			isa = XCConfigurationList;
			buildConfigurations = (
				5BBB4D2D1D32C4DC00BA26EA /* Debug */,
				5BBB4D2E1D32C4DC00BA26EA /* Release */,
			);
			defaultConfigurationIsVisible = 0;
			defaultConfigurationName = Release;
		};
		5BBB4D2F1D32C4DC00BA26EA /* Build configuration list for PBXNativeTarget "PilotFishEmitter" */ = {
			isa = XCConfigurationList;
			buildConfigurations = (
				5BBB4D301D32C4DC00BA26EA /* Debug */,
				5BBB4D311D32C4DC00BA26EA /* Release */,
			);
			defaultConfigurationIsVisible = 0;
			defaultConfigurationName = Release;
		};
/* End XCConfigurationList section */
	};
	rootObject = 5BBB4D151D32C4DC00BA26EA /* Project object */;
}
